<!doctype html>
<html lang="en">
  <head>
    <meta charset="UTF-8" />
    <meta name="viewport" content="width=device-width, initial-scale=1.0" />
    <title>Cavalli Club Menu | Coffee • Lounge • Chill</title>
    <meta name="description" content="Discover the exquisite menu at Cavalli Club - premium coffee, artisan teas, fresh juices, and gourmet pastries in an elegant lounge atmosphere.">
    <meta name="author" content="Cavalli Club" />

    
    
    <meta property="og:type" content="website" />
    <meta property="og:image" content="https://pub-bb2e103a32db4e198524a2e9ed8f35b4.r2.dev/8466021b-ce00-48c4-ae41-fc132fffb59a/id-preview-4ca0d500--15d76a18-dcfa-4d16-9c71-e8436c6fc481.lovable.app-1768295196917.png">

    <meta name="twitter:card" content="summary_large_image" />
    <meta name="twitter:site" content="@CavalliClub" />
    <meta name="twitter:image" content="https://pub-bb2e103a32db4e198524a2e9ed8f35b4.r2.dev/8466021b-ce00-48c4-ae41-fc132fffb59a/id-preview-4ca0d500--15d76a18-dcfa-4d16-9c71-e8436c6fc481.lovable.app-1768295196917.png">
    <meta property="og:title" content="Cavalli Club Menu | Coffee • Lounge • Chill">
  <meta name="twitter:title" content="Cavalli Club Menu | Coffee • Lounge • Chill">
  <meta property="og:description" content="Discover the exquisite menu at Cavalli Club - premium coffee, artisan teas, fresh juices, and gourmet pastries in an elegant lounge atmosphere.">
  <meta name="twitter:description" content="Discover the exquisite menu at Cavalli Club - premium coffee, artisan teas, fresh juices, and gourmet pastries in an elegant lounge atmosphere.">
  <link rel="icon" type="image/x-icon" href="/favicon.ico">
</head>

  <body>
    <div id="root"></div>
    <script type="module" src="/src/main.tsx"></script>
  </body>
</html>
